
Microsoft Visual Studio Solution File, Format Version 12.00
# Visual Studio 15
VisualStudioVersion = 15.0.28307.271
MinimumVisualStudioVersion = 10.0.40219.1
Project("{FAE04EC0-301F-11D3-BF4B-00C04F79EFBC}") = "ConsoleApp10", "ConsoleApp10\ConsoleApp10.csproj", "{2FDE3A35-5026-425E-A2A6-B260C317C5ED}"
EndProject
Global
	GlobalSection(SolutionConfigurationPlatforms) = preSolution
		Debug|Any CPU = Debug|Any CPU
		Release|Any CPU = Release|Any CPU
	EndGlobalSection
	GlobalSection(ProjectConfigurationPlatforms) = postSolution
		{2FDE3A35-5026-425E-A2A6-B260C317C5ED}.Debug|Any CPU.ActiveCfg = Debug|Any CPU
		{2FDE3A35-5026-425E-A2A6-B260C317C5ED}.Debug|Any CPU.Build.0 = Debug|Any CPU
		{2FDE3A35-5026-425E-A2A6-B260C317C5ED}.Release|Any CPU.ActiveCfg = Release|Any CPU
		{2FDE3A35-5026-425E-A2A6-B260C317C5ED}.Release|Any CPU.Build.0 = Release|Any CPU
	EndGlobalSection
	GlobalSection(SolutionProperties) = preSolution
		HideSolutionNode = FALSE
	EndGlobalSection
	GlobalSection(ExtensibilityGlobals) = postSolution
		SolutionGuid = {A9EE3A76-67F6-40F0-9FC5-A8904E885B22}
	EndGlobalSection
EndGlobal
