
Microsoft Visual Studio Solution File, Format Version 12.00
# Visual Studio 15
VisualStudioVersion = 15.0.28307.271
MinimumVisualStudioVersion = 10.0.40219.1
Project("{FAE04EC0-301F-11D3-BF4B-00C04F79EFBC}") = "ConsoleApp4", "ConsoleApp4\ConsoleApp4.csproj", "{4A09F854-6D31-4C78-BD9E-296B14BCF219}"
EndProject
Global
	GlobalSection(SolutionConfigurationPlatforms) = preSolution
		Debug|Any CPU = Debug|Any CPU
		Release|Any CPU = Release|Any CPU
	EndGlobalSection
	GlobalSection(ProjectConfigurationPlatforms) = postSolution
		{4A09F854-6D31-4C78-BD9E-296B14BCF219}.Debug|Any CPU.ActiveCfg = Debug|Any CPU
		{4A09F854-6D31-4C78-BD9E-296B14BCF219}.Debug|Any CPU.Build.0 = Debug|Any CPU
		{4A09F854-6D31-4C78-BD9E-296B14BCF219}.Release|Any CPU.ActiveCfg = Release|Any CPU
		{4A09F854-6D31-4C78-BD9E-296B14BCF219}.Release|Any CPU.Build.0 = Release|Any CPU
	EndGlobalSection
	GlobalSection(SolutionProperties) = preSolution
		HideSolutionNode = FALSE
	EndGlobalSection
	GlobalSection(ExtensibilityGlobals) = postSolution
		SolutionGuid = {0AF63B98-5AFB-438B-9EB3-30FD2E082EB6}
	EndGlobalSection
EndGlobal
